// !$*UTF8*$!
{
	archiveVersion = 1;
	classes = {
	};
	objectVersion = 77;
	objects = {

/* Begin PBXBuildFile section */
		FC38E38B2E382811000906CA /* .gitignore in Resources */ = {isa = PBXBuildFile; fileRef = FC38E3892E382803000906CA /* .gitignore */; };
		FCA1F5762F94741C00045A12 /* FirebaseCore in Frameworks */ = {isa = PBXBuildFile; productRef = FCA1F5752F94741C00045A12 /* FirebaseCore */; };
		FCA1F5782F94742D00045A12 /* FirebaseAuth in Frameworks */ = {isa = PBXBuildFile; productRef = FCA1F5772F94742D00045A12 /* FirebaseAuth */; };
		FCA1F5802F960DE000045A12 /* FirebaseFirestore in Frameworks */ = {isa = PBXBuildFile; productRef = FCA1F57F2F960DE000045A12 /* FirebaseFirestore */; };
		FCA1F5902F97273B00045A12 /* FirebaseStorage in Frameworks */ = {isa = PBXBuildFile; productRef = FCA1F58F2F97273B00045A12 /* FirebaseStorage */; };
		FCAA00022FA000000000AA01 /* FirebaseCrashlytics in Frameworks */ = {isa = PBXBuildFile; productRef = FCAA00012FA000000000AA01 /* FirebaseCrashlytics */; };
		FCAA00042FA000000000AA01 /* FirebaseAnalytics in Frameworks */ = {isa = PBXBuildFile; productRef = FCAA00032FA000000000AA01 /* FirebaseAnalytics */; };
		FCAA00062FA000000000AA01 /* FirebasePerformance in Frameworks */ = {isa = PBXBuildFile; productRef = FCAA00052FA000000000AA01 /* FirebasePerformance */; };
/* End PBXBuildFile section */

/* Begin PBXContainerItemProxy section */
		FC3EE6C52E3360EE004B2E1B /* PBXContainerItemProxy */ = {
			isa = PBXContainerItemProxy;
			containerPortal = FC3EE6AE2E3360ED004B2E1B /* Project object */;
			proxyType = 1;
			remoteGlobalIDString = FC3EE6B52E3360ED004B2E1B;
			remoteInfo = freebnb;
		};
		FC3EE6CF2E3360EE004B2E1B /* PBXContainerItemProxy */ = {
			isa = PBXContainerItemProxy;
			containerPortal = FC3EE6AE2E3360ED004B2E1B /* Project object */;
			proxyType = 1;
			remoteGlobalIDString = FC3EE6B52E3360ED004B2E1B;
			remoteInfo = freebnb;
		};
/* End PBXContainerItemProxy section */

/* Begin PBXFileReference section */
		FC38E3892E382803000906CA /* .gitignore */ = {isa = PBXFileReference; lastKnownFileType = text; path = .gitignore; sourceTree = "<group>"; };
		FC3EE6B62E3360ED004B2E1B /* freebnb.app */ = {isa = PBXFileReference; explicitFileType = wrapper.application; includeInIndex = 0; path = freebnb.app; sourceTree = BUILT_PRODUCTS_DIR; };
		FC3EE6C42E3360EE004B2E1B /* freebnbTests.xctest */ = {isa = PBXFileReference; explicitFileType = wrapper.cfbundle; includeInIndex = 0; path = freebnbTests.xctest; sourceTree = BUILT_PRODUCTS_DIR; };
		FC3EE6CE2E3360EE004B2E1B /* freebnbUITests.xctest */ = {isa = PBXFileReference; explicitFileType = wrapper.cfbundle; includeInIndex = 0; path = freebnbUITests.xctest; sourceTree = BUILT_PRODUCTS_DIR; };
		FCBB00012FA000000000BB01 /* Config/Config.Debug.xcconfig */ = {isa = PBXFileReference; lastKnownFileType = text.xcconfig; path = Config/Config.Debug.xcconfig; sourceTree = "<group>"; };
		FCBB00022FA000000000BB01 /* Config/Config.Release.xcconfig */ = {isa = PBXFileReference; lastKnownFileType = text.xcconfig; path = Config/Config.Release.xcconfig; sourceTree = "<group>"; };
/* End PBXFileReference section */

/* Begin PBXFileSystemSynchronizedRootGroup section */
		FC3EE6B82E3360ED004B2E1B /* freebnb */ = {
			isa = PBXFileSystemSynchronizedRootGroup;
			path = freebnb;
			sourceTree = "<group>";
		};
		FC3EE6C72E3360EE004B2E1B /* freebnbTests */ = {
			isa = PBXFileSystemSynchronizedRootGroup;
			path = freebnbTests;
			sourceTree = "<group>";
		};
		FC3EE6D12E3360EE004B2E1B /* freebnbUITests */ = {
			isa = PBXFileSystemSynchronizedRootGroup;
			path = freebnbUITests;
			sourceTree = "<group>";
		};
/* End PBXFileSystemSynchronizedRootGroup section */

/* Begin PBXFrameworksBuildPhase section */
		FC3EE6B32E3360ED004B2E1B /* Frameworks */ = {
			isa = PBXFrameworksBuildPhase;
			buildActionMask = 2147483647;
			files = (
				FCA1F5762F94741C00045A12 /* FirebaseCore in Frameworks */,
				FCA1F5902F97273B00045A12 /* FirebaseStorage in Frameworks */,
				FCA1F5782F94742D00045A12 /* FirebaseAuth in Frameworks */,
				FCA1F5802F960DE000045A12 /* FirebaseFirestore in Frameworks */,
				FCAA00022FA000000000AA01 /* FirebaseCrashlytics in Frameworks */,
				FCAA00042FA000000000AA01 /* FirebaseAnalytics in Frameworks */,
				FCAA00062FA000000000AA01 /* FirebasePerformance in Frameworks */,
			);
			runOnlyForDeploymentPostprocessing = 0;
		};
		FC3EE6C12E3360EE004B2E1B /* Frameworks */ = {
			isa = PBXFrameworksBuildPhase;
			buildActionMask = 2147483647;
			files = (
			);
			runOnlyForDeploymentPostprocessing = 0;
		};
		FC3EE6CB2E3360EE004B2E1B /* Frameworks */ = {
			isa = PBXFrameworksBuildPhase;
			buildActionMask = 2147483647;
			files = (
			);
			runOnlyForDeploymentPostprocessing = 0;
		};
/* End PBXFrameworksBuildPhase section */

/* Begin PBXGroup section */
		FC3EE6AD2E3360ED004B2E1B = {
			isa = PBXGroup;
			children = (
				FC3EE6B82E3360ED004B2E1B /* freebnb */,
				FC3EE6C72E3360EE004B2E1B /* freebnbTests */,
				FC3EE6D12E3360EE004B2E1B /* freebnbUITests */,
				FC3EE6B72E3360ED004B2E1B /* Products */,
				FC38E3892E382803000906CA /* .gitignore */,
				FCBB00012FA000000000BB01 /* Config/Config.Debug.xcconfig */,
				FCBB00022FA000000000BB01 /* Config/Config.Release.xcconfig */,
				FCA1F5742F94741C00045A12 /* Frameworks */,
			);
			sourceTree = "<group>";
		};
		FC3EE6B72E3360ED004B2E1B /* Products */ = {
			isa = PBXGroup;
			children = (
				FC3EE6B62E3360ED004B2E1B /* freebnb.app */,
				FC3EE6C42E3360EE004B2E1B /* freebnbTests.xctest */,
				FC3EE6CE2E3360EE004B2E1B /* freebnbUITests.xctest */,
			);
			name = Products;
			sourceTree = "<group>";
		};
		FCA1F5742F94741C00045A12 /* Frameworks */ = {
			isa = PBXGroup;
			children = (
			);
			name = Frameworks;
			sourceTree = "<group>";
		};
/* End PBXGroup section */

/* Begin PBXNativeTarget section */
		FC3EE6B52E3360ED004B2E1B /* freebnb */ = {
			isa = PBXNativeTarget;
			buildConfigurationList = FC3EE6D82E3360EE004B2E1B /* Build configuration list for PBXNativeTarget "freebnb" */;
			buildPhases = (
				FC2AA4122FA0B8570019E488 /* ShellScript */,
				FC3EE6B22E3360ED004B2E1B /* Sources */,
				FC3EE6B32E3360ED004B2E1B /* Frameworks */,
				FC3EE6B42E3360ED004B2E1B /* Resources */,
			);
			buildRules = (
			);
			dependencies = (
			);
			fileSystemSynchronizedGroups = (
				FC3EE6B82E3360ED004B2E1B /* freebnb */,
			);
			name = freebnb;
			packageProductDependencies = (
				FCA1F5752F94741C00045A12 /* FirebaseCore */,
				FCA1F5772F94742D00045A12 /* FirebaseAuth */,
				FCA1F57F2F960DE000045A12 /* FirebaseFirestore */,
				FCA1F58F2F97273B00045A12 /* FirebaseStorage */,
				FCAA00012FA000000000AA01 /* FirebaseCrashlytics */,
				FCAA00032FA000000000AA01 /* FirebaseAnalytics */,
				FCAA00052FA000000000AA01 /* FirebasePerformance */,
			);
			productName = freebnb;
			productReference = FC3EE6B62E3360ED004B2E1B /* freebnb.app */;
			productType = "com.apple.product-type.application";
		};
		FC3EE6C32E3360EE004B2E1B /* freebnbTests */ = {
			isa = PBXNativeTarget;
			buildConfigurationList = FC3EE6DB2E3360EE004B2E1B /* Build configuration list for PBXNativeTarget "freebnbTests" */;
			buildPhases = (
				FC3EE6C02E3360EE004B2E1B /* Sources */,
				FC3EE6C12E3360EE004B2E1B /* Frameworks */,
				FC3EE6C22E3360EE004B2E1B /* Resources */,
			);
			buildRules = (
			);
			dependencies = (
				FC3EE6C62E3360EE004B2E1B /* PBXTargetDependency */,
			);
			fileSystemSynchronizedGroups = (
				FC3EE6C72E3360EE004B2E1B /* freebnbTests */,
			);
			name = freebnbTests;
			packageProductDependencies = (
			);
			productName = freebnbTests;
			productReference = FC3EE6C42E3360EE004B2E1B /* freebnbTests.xctest */;
			productType = "com.apple.product-type.bundle.unit-test";
		};
		FC3EE6CD2E3360EE004B2E1B /* freebnbUITests */ = {
			isa = PBXNativeTarget;
			buildConfigurationList = FC3EE6DE2E3360EE004B2E1B /* Build configuration list for PBXNativeTarget "freebnbUITests" */;
			buildPhases = (
				FC3EE6CA2E3360EE004B2E1B /* Sources */,
				FC3EE6CB2E3360EE004B2E1B /* Frameworks */,
				FC3EE6CC2E3360EE004B2E1B /* Resources */,
			);
			buildRules = (
			);
			dependencies = (
				FC3EE6D02E3360EE004B2E1B /* PBXTargetDependency */,
			);
			fileSystemSynchronizedGroups = (
				FC3EE6D12E3360EE004B2E1B /* freebnbUITests */,
			);
			name = freebnbUITests;
			packageProductDependencies = (
			);
			productName = freebnbUITests;
			productReference = FC3EE6CE2E3360EE004B2E1B /* freebnbUITests.xctest */;
			productType = "com.apple.product-type.bundle.ui-testing";
		};
/* End PBXNativeTarget section */

/* Begin PBXProject section */
		FC3EE6AE2E3360ED004B2E1B /* Project object */ = {
			isa = PBXProject;
			attributes = {
				BuildIndependentTargetsInParallel = 1;
				LastSwiftUpdateCheck = 1640;
				LastUpgradeCheck = 2620;
				TargetAttributes = {
					FC3EE6B52E3360ED004B2E1B = {
						CreatedOnToolsVersion = 16.4;
					};
					FC3EE6C32E3360EE004B2E1B = {
						CreatedOnToolsVersion = 16.4;
						TestTargetID = FC3EE6B52E3360ED004B2E1B;
					};
					FC3EE6CD2E3360EE004B2E1B = {
						CreatedOnToolsVersion = 16.4;
						TestTargetID = FC3EE6B52E3360ED004B2E1B;
					};
				};
			};
			buildConfigurationList = FC3EE6B12E3360ED004B2E1B /* Build configuration list for PBXProject "freebnb" */;
			developmentRegion = en;
			hasScannedForEncodings = 0;
			knownRegions = (
				en,
				Base,
			);
			mainGroup = FC3EE6AD2E3360ED004B2E1B;
			minimizedProjectReferenceProxies = 1;
			packageReferences = (
				FCA1F5382F9427C600045A12 /* XCRemoteSwiftPackageReference "firebase-ios-sdk" */,
			);
			preferredProjectObjectVersion = 77;
			productRefGroup = FC3EE6B72E3360ED004B2E1B /* Products */;
			projectDirPath = "";
			projectRoot = "";
			targets = (
				FC3EE6B52E3360ED004B2E1B /* freebnb */,
				FC3EE6C32E3360EE004B2E1B /* freebnbTests */,
				FC3EE6CD2E3360EE004B2E1B /* freebnbUITests */,
			);
		};
/* End PBXProject section */

/* Begin PBXResourcesBuildPhase section */
		FC3EE6B42E3360ED004B2E1B /* Resources */ = {
			isa = PBXResourcesBuildPhase;
			buildActionMask = 2147483647;
			files = (
				FC38E38B2E382811000906CA /* .gitignore in Resources */,
			);
			runOnlyForDeploymentPostprocessing = 0;
		};
		FC3EE6C22E3360EE004B2E1B /* Resources */ = {
			isa = PBXResourcesBuildPhase;
			buildActionMask = 2147483647;
			files = (
			);
			runOnlyForDeploymentPostprocessing = 0;
		};
		FC3EE6CC2E3360EE004B2E1B /* Resources */ = {
			isa = PBXResourcesBuildPhase;
			buildActionMask = 2147483647;
			files = (
			);
			runOnlyForDeploymentPostprocessing = 0;
		};
/* End PBXResourcesBuildPhase section */

/* Begin PBXShellScriptBuildPhase section */
		FC2AA4122FA0B8570019E488 /* ShellScript */ = {
			isa = PBXShellScriptBuildPhase;
			buildActionMask = 2147483647;
			files = (
			);
			inputFileListPaths = (
			);
			inputPaths = (
				"$(SRCROOT)/Config/GoogleService-Info.Debug.plist",
				"$(SRCROOT)/Config/GoogleService-Info.Release.plist",
			);
			outputFileListPaths = (
			);
			outputPaths = (
			);
			runOnlyForDeploymentPostprocessing = 0;
			shellPath = /bin/sh;
			shellScript = "# Type a script or drag a script file from your workspace to insert its path.\n${SRCROOT}/Config/select_google_services.sh\n";
		};
/* End PBXShellScriptBuildPhase section */

/* Begin PBXSourcesBuildPhase section */
		FC3EE6B22E3360ED004B2E1B /* Sources */ = {
			isa = PBXSourcesBuildPhase;
			buildActionMask = 2147483647;
			files = (
			);
			runOnlyForDeploymentPostprocessing = 0;
		};
		FC3EE6C02E3360EE004B2E1B /* Sources */ = {
			isa = PBXSourcesBuildPhase;
			buildActionMask = 2147483647;
			files = (
			);
			runOnlyForDeploymentPostprocessing = 0;
		};
		FC3EE6CA2E3360EE004B2E1B /* Sources */ = {
			isa = PBXSourcesBuildPhase;
			buildActionMask = 2147483647;
			files = (
			);
			runOnlyForDeploymentPostprocessing = 0;
		};
/* End PBXSourcesBuildPhase section */

/* Begin PBXTargetDependency section */
		FC3EE6C62E3360EE004B2E1B /* PBXTargetDependency */ = {
			isa = PBXTargetDependency;
			target = FC3EE6B52E3360ED004B2E1B /* freebnb */;
			targetProxy = FC3EE6C52E3360EE004B2E1B /* PBXContainerItemProxy */;
		};
		FC3EE6D02E3360EE004B2E1B /* PBXTargetDependency */ = {
			isa = PBXTargetDependency;
			target = FC3EE6B52E3360ED004B2E1B /* freebnb */;
			targetProxy = FC3EE6CF2E3360EE004B2E1B /* PBXContainerItemProxy */;
		};
/* End PBXTargetDependency section */

/* Begin XCBuildConfiguration section */
		FC3EE6D62E3360EE004B2E1B /* Debug */ = {
			isa = XCBuildConfiguration;
			buildSettings = {
				ALWAYS_SEARCH_USER_PATHS = NO;
				ASSETCATALOG_COMPILER_GENERATE_SWIFT_ASSET_SYMBOL_EXTENSIONS = NO;
				CLANG_ANALYZER_NONNULL = YES;
				CLANG_ANALYZER_NUMBER_OBJECT_CONVERSION = YES_AGGRESSIVE;
				CLANG_CXX_LANGUAGE_STANDARD = "gnu++20";
				CLANG_ENABLE_MODULES = YES;
				CLANG_ENABLE_OBJC_ARC = YES;
				CLANG_ENABLE_OBJC_WEAK = YES;
				CLANG_WARN_BLOCK_CAPTURE_AUTORELEASING = YES;
				CLANG_WARN_BOOL_CONVERSION = YES;
				CLANG_WARN_COMMA = YES;
				CLANG_WARN_CONSTANT_CONVERSION = YES;
				CLANG_WARN_DEPRECATED_OBJC_IMPLEMENTATIONS = YES;
				CLANG_WARN_DIRECT_OBJC_ISA_USAGE = YES_ERROR;
				CLANG_WARN_DOCUMENTATION_COMMENTS = YES;
				CLANG_WARN_EMPTY_BODY = YES;
				CLANG_WARN_ENUM_CONVERSION = YES;
				CLANG_WARN_INFINITE_RECURSION = YES;
				CLANG_WARN_INT_CONVERSION = YES;
				CLANG_WARN_NON_LITERAL_NULL_CONVERSION = YES;
				CLANG_WARN_OBJC_IMPLICIT_RETAIN_SELF = YES;
				CLANG_WARN_OBJC_LITERAL_CONVERSION = YES;
				CLANG_WARN_OBJC_ROOT_CLASS = YES_ERROR;
				CLANG_WARN_QUOTED_INCLUDE_IN_FRAMEWORK_HEADER = YES;
				CLANG_WARN_RANGE_LOOP_ANALYSIS = YES;
				CLANG_WARN_STRICT_PROTOTYPES = YES;
				CLANG_WARN_SUSPICIOUS_MOVE = YES;
				CLANG_WARN_UNGUARDED_AVAILABILITY = YES_AGGRESSIVE;
				CLANG_WARN_UNREACHABLE_CODE = YES;
				CLANG_WARN__DUPLICATE_METHOD_MATCH = YES;
				COPY_PHASE_STRIP = NO;
				DEAD_CODE_STRIPPING = YES;
				DEBUG_INFORMATION_FORMAT = dwarf;
				ENABLE_STRICT_OBJC_MSGSEND = YES;
				ENABLE_TESTABILITY = YES;
				ENABLE_USER_SCRIPT_SANDBOXING = NO;
				GCC_C_LANGUAGE_STANDARD = gnu17;
				GCC_DYNAMIC_NO_PIC = NO;
				GCC_NO_COMMON_BLOCKS = YES;
				GCC_OPTIMIZATION_LEVEL = 0;
				GCC_PREPROCESSOR_DEFINITIONS = (
					"DEBUG=1",
					"$(inherited)",
				);
				GCC_WARN_64_TO_32_BIT_CONVERSION = YES;
				GCC_WARN_ABOUT_RETURN_TYPE = YES_ERROR;
				GCC_WARN_UNDECLARED_SELECTOR = YES;
				GCC_WARN_UNINITIALIZED_AUTOS = YES_AGGRESSIVE;
				GCC_WARN_UNUSED_FUNCTION = YES;
				GCC_WARN_UNUSED_VARIABLE = YES;
				LOCALIZATION_PREFERS_STRING_CATALOGS = YES;
				MTL_ENABLE_DEBUG_INFO = INCLUDE_SOURCE;
				MTL_FAST_MATH = YES;
				ONLY_ACTIVE_ARCH = YES;
				STRING_CATALOG_GENERATE_SYMBOLS = YES;
				SWIFT_ACTIVE_COMPILATION_CONDITIONS = "DEBUG $(inherited)";
				SWIFT_OPTIMIZATION_LEVEL = "-Onone";
			};
			name = Debug;
		};
		FC3EE6D72E3360EE004B2E1B /* Release */ = {
			isa = XCBuildConfiguration;
			buildSettings = {
				ALWAYS_SEARCH_USER_PATHS = NO;
				ASSETCATALOG_COMPILER_GENERATE_SWIFT_ASSET_SYMBOL_EXTENSIONS = NO;
				CLANG_ANALYZER_NONNULL = YES;
				CLANG_ANALYZER_NUMBER_OBJECT_CONVERSION = YES_AGGRESSIVE;
				CLANG_CXX_LANGUAGE_STANDARD = "gnu++20";
				CLANG_ENABLE_MODULES = YES;
				CLANG_ENABLE_OBJC_ARC = YES;
				CLANG_ENABLE_OBJC_WEAK = YES;
				CLANG_WARN_BLOCK_CAPTURE_AUTORELEASING = YES;
				CLANG_WARN_BOOL_CONVERSION = YES;
				CLANG_WARN_COMMA = YES;
				CLANG_WARN_CONSTANT_CONVERSION = YES;
				CLANG_WARN_DEPRECATED_OBJC_IMPLEMENTATIONS = YES;
				CLANG_WARN_DIRECT_OBJC_ISA_USAGE = YES_ERROR;
				CLANG_WARN_DOCUMENTATION_COMMENTS = YES;
				CLANG_WARN_EMPTY_BODY = YES;
				CLANG_WARN_ENUM_CONVERSION = YES;
				CLANG_WARN_INFINITE_RECURSION = YES;
				CLANG_WARN_INT_CONVERSION = YES;
				CLANG_WARN_NON_LITERAL_NULL_CONVERSION = YES;
				CLANG_WARN_OBJC_IMPLICIT_RETAIN_SELF = YES;
				CLANG_WARN_OBJC_LITERAL_CONVERSION = YES;
				CLANG_WARN_OBJC_ROOT_CLASS = YES_ERROR;
				CLANG_WARN_QUOTED_INCLUDE_IN_FRAMEWORK_HEADER = YES;
				CLANG_WARN_RANGE_LOOP_ANALYSIS = YES;
				CLANG_WARN_STRICT_PROTOTYPES = YES;
				CLANG_WARN_SUSPICIOUS_MOVE = YES;
				CLANG_WARN_UNGUARDED_AVAILABILITY = YES_AGGRESSIVE;
				CLANG_WARN_UNREACHABLE_CODE = YES;
				CLANG_WARN__DUPLICATE_METHOD_MATCH = YES;
				COPY_PHASE_STRIP = NO;
				DEAD_CODE_STRIPPING = YES;
				DEBUG_INFORMATION_FORMAT = "dwarf-with-dsym";
				ENABLE_NS_ASSERTIONS = NO;
				ENABLE_STRICT_OBJC_MSGSEND = YES;
				ENABLE_USER_SCRIPT_SANDBOXING = NO;
				GCC_C_LANGUAGE_STANDARD = gnu17;
				GCC_NO_COMMON_BLOCKS = YES;
				GCC_WARN_64_TO_32_BIT_CONVERSION = YES;
				GCC_WARN_ABOUT_RETURN_TYPE = YES_ERROR;
				GCC_WARN_UNDECLARED_SELECTOR = YES;
				GCC_WARN_UNINITIALIZED_AUTOS = YES_AGGRESSIVE;
				GCC_WARN_UNUSED_FUNCTION = YES;
				GCC_WARN_UNUSED_VARIABLE = YES;
				LOCALIZATION_PREFERS_STRING_CATALOGS = YES;
				MTL_ENABLE_DEBUG_INFO = NO;
				MTL_FAST_MATH = YES;
				STRING_CATALOG_GENERATE_SYMBOLS = YES;
				SWIFT_COMPILATION_MODE = wholemodule;
			};
			name = Release;
		};
		FC3EE6D92E3360EE004B2E1B /* Debug */ = {
			isa = XCBuildConfiguration;
			baseConfigurationReference = FCBB00012FA000000000BB01 /* Config/Config.Debug.xcconfig */;
			buildSettings = {
				ASSETCATALOG_COMPILER_APPICON_NAME = AppIcon;
				ASSETCATALOG_COMPILER_GLOBAL_ACCENT_COLOR_NAME = AccentColor;
				CODE_SIGN_ENTITLEMENTS = freebnb/freebnb.entitlements;
				CODE_SIGN_STYLE = Automatic;
				CURRENT_PROJECT_VERSION = 1;
				DEAD_CODE_STRIPPING = YES;
				DEVELOPMENT_TEAM = "";
				ENABLE_PREVIEWS = YES;
				GENERATE_INFOPLIST_FILE = YES;
				INFOPLIST_KEY_CFBundleDisplayName = FreeBNB;
				INFOPLIST_KEY_LSApplicationCategoryType = "public.app-category.travel";
				INFOPLIST_KEY_UIApplicationSceneManifest_Generation = YES;
				INFOPLIST_KEY_UIApplicationSupportsIndirectInputEvents = YES;
				INFOPLIST_KEY_UILaunchScreen_Generation = YES;
				INFOPLIST_KEY_UIStatusBarStyle = UIStatusBarStyleDefault;
				INFOPLIST_KEY_UISupportedInterfaceOrientations_iPad = "UIInterfaceOrientationPortrait UIInterfaceOrientationPortraitUpsideDown UIInterfaceOrientationLandscapeLeft UIInterfaceOrientationLandscapeRight";
				INFOPLIST_KEY_UISupportedInterfaceOrientations_iPhone = "UIInterfaceOrientationPortrait UIInterfaceOrientationLandscapeLeft UIInterfaceOrientationLandscapeRight";
				IPHONEOS_DEPLOYMENT_TARGET = 18.5;
				LD_RUNPATH_SEARCH_PATHS = "@executable_path/Frameworks";
				MARKETING_VERSION = 1.0;
				PRODUCT_BUNDLE_IDENTIFIER = com.poodlestrategy.freebnb;
				PRODUCT_NAME = "$(TARGET_NAME)";
				SDKROOT = iphoneos;
				SUPPORTED_PLATFORMS = "iphoneos iphonesimulator";
				SUPPORTS_MACCATALYST = NO;
				SUPPORTS_MAC_DESIGNED_FOR_IPHONE_IPAD = NO;
				SUPPORTS_XR_DESIGNED_FOR_IPHONE_IPAD = NO;
				SWIFT_EMIT_LOC_STRINGS = YES;
				SWIFT_STRICT_CONCURRENCY = minimal;
				SWIFT_VERSION = 5.0;
				TARGETED_DEVICE_FAMILY = "1,2";
			};
			name = Debug;
		};
		FC3EE6DA2E3360EE004B2E1B /* Release */ = {
			isa = XCBuildConfiguration;
			baseConfigurationReference = FCBB00022FA000000000BB01 /* Config/Config.Release.xcconfig */;
			buildSettings = {
				ASSETCATALOG_COMPILER_APPICON_NAME = AppIcon;
				ASSETCATALOG_COMPILER_GLOBAL_ACCENT_COLOR_NAME = AccentColor;
				CODE_SIGN_ENTITLEMENTS = freebnb/freebnb.entitlements;
				CODE_SIGN_STYLE = Automatic;
				CURRENT_PROJECT_VERSION = 1;
				DEAD_CODE_STRIPPING = YES;
				DEVELOPMENT_TEAM = "";
				ENABLE_PREVIEWS = YES;
				GENERATE_INFOPLIST_FILE = YES;
				INFOPLIST_KEY_CFBundleDisplayName = FreeBNB;
				INFOPLIST_KEY_LSApplicationCategoryType = "public.app-category.travel";
				INFOPLIST_KEY_UIApplicationSceneManifest_Generation = YES;
				INFOPLIST_KEY_UIApplicationSupportsIndirectInputEvents = YES;
				INFOPLIST_KEY_UILaunchScreen_Generation = YES;
				INFOPLIST_KEY_UIStatusBarStyle = UIStatusBarStyleDefault;
				INFOPLIST_KEY_UISupportedInterfaceOrientations_iPad = "UIInterfaceOrientationPortrait UIInterfaceOrientationPortraitUpsideDown UIInterfaceOrientationLandscapeLeft UIInterfaceOrientationLandscapeRight";
				INFOPLIST_KEY_UISupportedInterfaceOrientations_iPhone = "UIInterfaceOrientationPortrait UIInterfaceOrientationLandscapeLeft UIInterfaceOrientationLandscapeRight";
				IPHONEOS_DEPLOYMENT_TARGET = 18.5;
				LD_RUNPATH_SEARCH_PATHS = "@executable_path/Frameworks";
				MARKETING_VERSION = 1.0;
				PRODUCT_BUNDLE_IDENTIFIER = com.poodlestrategy.freebnb;
				PRODUCT_NAME = "$(TARGET_NAME)";
				SDKROOT = iphoneos;
				SUPPORTED_PLATFORMS = "iphoneos iphonesimulator";
				SUPPORTS_MACCATALYST = NO;
				SUPPORTS_MAC_DESIGNED_FOR_IPHONE_IPAD = NO;
				SUPPORTS_XR_DESIGNED_FOR_IPHONE_IPAD = NO;
				SWIFT_EMIT_LOC_STRINGS = YES;
				SWIFT_STRICT_CONCURRENCY = minimal;
				SWIFT_VERSION = 5.0;
				TARGETED_DEVICE_FAMILY = "1,2";
			};
			name = Release;
		};
		FC3EE6DC2E3360EE004B2E1B /* Debug */ = {
			isa = XCBuildConfiguration;
			buildSettings = {
				BUNDLE_LOADER = "$(TEST_HOST)";
				CODE_SIGN_STYLE = Automatic;
				CURRENT_PROJECT_VERSION = 1;
				DEAD_CODE_STRIPPING = YES;
				GENERATE_INFOPLIST_FILE = YES;
				IPHONEOS_DEPLOYMENT_TARGET = 18.5;
				MARKETING_VERSION = 1.0;
				PRODUCT_BUNDLE_IDENTIFIER = irene.freebnbTests;
				PRODUCT_NAME = "$(TARGET_NAME)";
				SUPPORTED_PLATFORMS = "iphoneos iphonesimulator";
				SWIFT_EMIT_LOC_STRINGS = NO;
				SWIFT_STRICT_CONCURRENCY = minimal;
				SWIFT_VERSION = 5.0;
				TARGETED_DEVICE_FAMILY = "1,2";
				TEST_HOST = "$(BUILT_PRODUCTS_DIR)/freebnb.app/$(BUNDLE_EXECUTABLE_FOLDER_PATH)/freebnb";
			};
			name = Debug;
		};
		FC3EE6DD2E3360EE004B2E1B /* Release */ = {
			isa = XCBuildConfiguration;
			buildSettings = {
				BUNDLE_LOADER = "$(TEST_HOST)";
				CODE_SIGN_STYLE = Automatic;
				CURRENT_PROJECT_VERSION = 1;
				DEAD_CODE_STRIPPING = YES;
				GENERATE_INFOPLIST_FILE = YES;
				IPHONEOS_DEPLOYMENT_TARGET = 18.5;
				MARKETING_VERSION = 1.0;
				PRODUCT_BUNDLE_IDENTIFIER = irene.freebnbTests;
				PRODUCT_NAME = "$(TARGET_NAME)";
				SUPPORTED_PLATFORMS = "iphoneos iphonesimulator";
				SWIFT_EMIT_LOC_STRINGS = NO;
				SWIFT_STRICT_CONCURRENCY = minimal;
				SWIFT_VERSION = 5.0;
				TARGETED_DEVICE_FAMILY = "1,2";
				TEST_HOST = "$(BUILT_PRODUCTS_DIR)/freebnb.app/$(BUNDLE_EXECUTABLE_FOLDER_PATH)/freebnb";
			};
			name = Release;
		};
		FC3EE6DF2E3360EE004B2E1B /* Debug */ = {
			isa = XCBuildConfiguration;
			buildSettings = {
				CODE_SIGN_STYLE = Automatic;
				CURRENT_PROJECT_VERSION = 1;
				DEAD_CODE_STRIPPING = YES;
				GENERATE_INFOPLIST_FILE = YES;
				IPHONEOS_DEPLOYMENT_TARGET = 18.5;
				MARKETING_VERSION = 1.0;
				PRODUCT_BUNDLE_IDENTIFIER = irene.freebnbUITests;
				PRODUCT_NAME = "$(TARGET_NAME)";
				SUPPORTED_PLATFORMS = "iphoneos iphonesimulator";
				SWIFT_EMIT_LOC_STRINGS = NO;
				SWIFT_STRICT_CONCURRENCY = minimal;
				SWIFT_VERSION = 5.0;
				TARGETED_DEVICE_FAMILY = "1,2";
				TEST_TARGET_NAME = freebnb;
			};
			name = Debug;
		};
		FC3EE6E02E3360EE004B2E1B /* Release */ = {
			isa = XCBuildConfiguration;
			buildSettings = {
				CODE_SIGN_STYLE = Automatic;
				CURRENT_PROJECT_VERSION = 1;
				DEAD_CODE_STRIPPING = YES;
				GENERATE_INFOPLIST_FILE = YES;
				IPHONEOS_DEPLOYMENT_TARGET = 18.5;
				MARKETING_VERSION = 1.0;
				PRODUCT_BUNDLE_IDENTIFIER = irene.freebnbUITests;
				PRODUCT_NAME = "$(TARGET_NAME)";
				SUPPORTED_PLATFORMS = "iphoneos iphonesimulator";
				SWIFT_EMIT_LOC_STRINGS = NO;
				SWIFT_STRICT_CONCURRENCY = minimal;
				SWIFT_VERSION = 5.0;
				TARGETED_DEVICE_FAMILY = "1,2";
				TEST_TARGET_NAME = freebnb;
			};
			name = Release;
		};
/* End XCBuildConfiguration section */

/* Begin XCConfigurationList section */
		FC3EE6B12E3360ED004B2E1B /* Build configuration list for PBXProject "freebnb" */ = {
			isa = XCConfigurationList;
			buildConfigurations = (
				FC3EE6D62E3360EE004B2E1B /* Debug */,
				FC3EE6D72E3360EE004B2E1B /* Release */,
			);
			defaultConfigurationIsVisible = 0;
			defaultConfigurationName = Release;
		};
		FC3EE6D82E3360EE004B2E1B /* Build configuration list for PBXNativeTarget "freebnb" */ = {
			isa = XCConfigurationList;
			buildConfigurations = (
				FC3EE6D92E3360EE004B2E1B /* Debug */,
				FC3EE6DA2E3360EE004B2E1B /* Release */,
			);
			defaultConfigurationIsVisible = 0;
			defaultConfigurationName = Release;
		};
		FC3EE6DB2E3360EE004B2E1B /* Build configuration list for PBXNativeTarget "freebnbTests" */ = {
			isa = XCConfigurationList;
			buildConfigurations = (
				FC3EE6DC2E3360EE004B2E1B /* Debug */,
				FC3EE6DD2E3360EE004B2E1B /* Release */,
			);
			defaultConfigurationIsVisible = 0;
			defaultConfigurationName = Release;
		};
		FC3EE6DE2E3360EE004B2E1B /* Build configuration list for PBXNativeTarget "freebnbUITests" */ = {
			isa = XCConfigurationList;
			buildConfigurations = (
				FC3EE6DF2E3360EE004B2E1B /* Debug */,
				FC3EE6E02E3360EE004B2E1B /* Release */,
			);
			defaultConfigurationIsVisible = 0;
			defaultConfigurationName = Release;
		};
/* End XCConfigurationList section */

/* Begin XCRemoteSwiftPackageReference section */
		FCA1F5382F9427C600045A12 /* XCRemoteSwiftPackageReference "firebase-ios-sdk" */ = {
			isa = XCRemoteSwiftPackageReference;
			repositoryURL = "https://github.com/firebase/firebase-ios-sdk";
			requirement = {
				kind = upToNextMajorVersion;
				minimumVersion = 12.12.1;
			};
		};
/* End XCRemoteSwiftPackageReference section */

/* Begin XCSwiftPackageProductDependency section */
		FCA1F5752F94741C00045A12 /* FirebaseCore */ = {
			isa = XCSwiftPackageProductDependency;
			package = FCA1F5382F9427C600045A12 /* XCRemoteSwiftPackageReference "firebase-ios-sdk" */;
			productName = FirebaseCore;
		};
		FCA1F5772F94742D00045A12 /* FirebaseAuth */ = {
			isa = XCSwiftPackageProductDependency;
			package = FCA1F5382F9427C600045A12 /* XCRemoteSwiftPackageReference "firebase-ios-sdk" */;
			productName = FirebaseAuth;
		};
		FCA1F57F2F960DE000045A12 /* FirebaseFirestore */ = {
			isa = XCSwiftPackageProductDependency;
			package = FCA1F5382F9427C600045A12 /* XCRemoteSwiftPackageReference "firebase-ios-sdk" */;
			productName = FirebaseFirestore;
		};
		FCA1F58F2F97273B00045A12 /* FirebaseStorage */ = {
			isa = XCSwiftPackageProductDependency;
			package = FCA1F5382F9427C600045A12 /* XCRemoteSwiftPackageReference "firebase-ios-sdk" */;
			productName = FirebaseStorage;
		};
		FCAA00012FA000000000AA01 /* FirebaseCrashlytics */ = {
			isa = XCSwiftPackageProductDependency;
			package = FCA1F5382F9427C600045A12 /* XCRemoteSwiftPackageReference "firebase-ios-sdk" */;
			productName = FirebaseCrashlytics;
		};
		FCAA00032FA000000000AA01 /* FirebaseAnalytics */ = {
			isa = XCSwiftPackageProductDependency;
			package = FCA1F5382F9427C600045A12 /* XCRemoteSwiftPackageReference "firebase-ios-sdk" */;
			productName = FirebaseAnalytics;
		};
		FCAA00052FA000000000AA01 /* FirebasePerformance */ = {
			isa = XCSwiftPackageProductDependency;
			package = FCA1F5382F9427C600045A12 /* XCRemoteSwiftPackageReference "firebase-ios-sdk" */;
			productName = FirebasePerformance;
		};
/* End XCSwiftPackageProductDependency section */
	};
	rootObject = FC3EE6AE2E3360ED004B2E1B /* Project object */;
}
